
Microsoft Visual Studio Solution File, Format Version 10.00
# Visual Studio 2008
Project("{8BC9CEB8-8B4A-11D0-8D11-00A0C91BC942}") = "lab5", "lab5\lab5.vcproj", "{17BB8797-F551-42F5-A038-F3D4DF10708B}"
EndProject
Project("{8BC9CEB8-8B4A-11D0-8D11-00A0C91BC942}") = "DLL", "DLL\DLL.vcproj", "{1B08022C-D065-4B95-A763-D9C14707BE26}"
EndProject
Project("{8BC9CEB8-8B4A-11D0-8D11-00A0C91BC942}") = "dlluser", "dlluser\dlluser.vcproj", "{437AAB8B-7604-43B9-9ED6-7C80817982EC}"
	ProjectSection(ProjectDependencies) = postProject
		{1B08022C-D065-4B95-A763-D9C14707BE26} = {1B08022C-D065-4B95-A763-D9C14707BE26}
	EndProjectSection
EndProject
Global
	GlobalSection(SolutionConfigurationPlatforms) = preSolution
		Debug|Win32 = Debug|Win32
		Release|Win32 = Release|Win32
	EndGlobalSection
	GlobalSection(ProjectConfigurationPlatforms) = postSolution
		{17BB8797-F551-42F5-A038-F3D4DF10708B}.Debug|Win32.ActiveCfg = Debug|Win32
		{17BB8797-F551-42F5-A038-F3D4DF10708B}.Debug|Win32.Build.0 = Debug|Win32
		{17BB8797-F551-42F5-A038-F3D4DF10708B}.Release|Win32.ActiveCfg = Release|Win32
		{17BB8797-F551-42F5-A038-F3D4DF10708B}.Release|Win32.Build.0 = Release|Win32
		{1B08022C-D065-4B95-A763-D9C14707BE26}.Debug|Win32.ActiveCfg = Debug|Win32
		{1B08022C-D065-4B95-A763-D9C14707BE26}.Debug|Win32.Build.0 = Debug|Win32
		{1B08022C-D065-4B95-A763-D9C14707BE26}.Release|Win32.ActiveCfg = Release|Win32
		{1B08022C-D065-4B95-A763-D9C14707BE26}.Release|Win32.Build.0 = Release|Win32
		{437AAB8B-7604-43B9-9ED6-7C80817982EC}.Debug|Win32.ActiveCfg = Debug|Win32
		{437AAB8B-7604-43B9-9ED6-7C80817982EC}.Debug|Win32.Build.0 = Debug|Win32
		{437AAB8B-7604-43B9-9ED6-7C80817982EC}.Release|Win32.ActiveCfg = Release|Win32
		{437AAB8B-7604-43B9-9ED6-7C80817982EC}.Release|Win32.Build.0 = Release|Win32
	EndGlobalSection
	GlobalSection(SolutionProperties) = preSolution
		HideSolutionNode = FALSE
	EndGlobalSection
EndGlobal
